
Microsoft Visual Studio Solution File, Format Version 12.00
# Visual Studio Version 16
VisualStudioVersion = 16.0.28922.388
MinimumVisualStudioVersion = 10.0.40219.1
Project("{9A19103F-16F7-4668-BE54-9A1E7A4F7556}") = "Sannel.House.Client", "src\Sannel.House.Client\Sannel.House.Client.csproj", "{3C57B757-6175-48CD-84A9-0817C223B2A4}"
EndProject
Project("{9A19103F-16F7-4668-BE54-9A1E7A4F7556}") = "Sannel.House.Client.Tests", "src\Sannel.House.Client.Tests\Sannel.House.Client.Tests.csproj", "{B1C42B96-C101-4FF2-86E4-61C0316526F3}"
EndProject
Project("{2150E333-8FDC-42A3-9474-1A3956D46DE8}") = "Solution Items", "Solution Items", "{66B61219-571E-49B2-B721-273E4BA23801}"
	ProjectSection(SolutionItems) = preProject
		azure-pipelines.yml = azure-pipelines.yml
	EndProjectSection
EndProject
Global
	GlobalSection(SolutionConfigurationPlatforms) = preSolution
		Debug|Any CPU = Debug|Any CPU
		Release|Any CPU = Release|Any CPU
	EndGlobalSection
	GlobalSection(ProjectConfigurationPlatforms) = postSolution
		{3C57B757-6175-48CD-84A9-0817C223B2A4}.Debug|Any CPU.ActiveCfg = Debug|Any CPU
		{3C57B757-6175-48CD-84A9-0817C223B2A4}.Debug|Any CPU.Build.0 = Debug|Any CPU
		{3C57B757-6175-48CD-84A9-0817C223B2A4}.Release|Any CPU.ActiveCfg = Release|Any CPU
		{3C57B757-6175-48CD-84A9-0817C223B2A4}.Release|Any CPU.Build.0 = Release|Any CPU
		{B1C42B96-C101-4FF2-86E4-61C0316526F3}.Debug|Any CPU.ActiveCfg = Debug|Any CPU
		{B1C42B96-C101-4FF2-86E4-61C0316526F3}.Debug|Any CPU.Build.0 = Debug|Any CPU
		{B1C42B96-C101-4FF2-86E4-61C0316526F3}.Release|Any CPU.ActiveCfg = Release|Any CPU
		{B1C42B96-C101-4FF2-86E4-61C0316526F3}.Release|Any CPU.Build.0 = Release|Any CPU
	EndGlobalSection
	GlobalSection(SolutionProperties) = preSolution
		HideSolutionNode = FALSE
	EndGlobalSection
	GlobalSection(ExtensibilityGlobals) = postSolution
		SolutionGuid = {BE37B440-E9BF-4F37-BA1B-2F6499980DF6}
	EndGlobalSection
EndGlobal
